
Microsoft Visual Studio Solution File, Format Version 12.00
# Visual Studio Version 17
VisualStudioVersion = 17.6.33815.320
MinimumVisualStudioVersion = 10.0.40219.1
Project("{FAE04EC0-301F-11D3-BF4B-00C04F79EFBC}") = "09_20dolgozat", "09_20dolgozat\09_20dolgozat.csproj", "{1353826D-A3D2-4746-A770-312E5F280DAB}"
EndProject
Global
	GlobalSection(SolutionConfigurationPlatforms) = preSolution
		Debug|Any CPU = Debug|Any CPU
		Release|Any CPU = Release|Any CPU
	EndGlobalSection
	GlobalSection(ProjectConfigurationPlatforms) = postSolution
		{1353826D-A3D2-4746-A770-312E5F280DAB}.Debug|Any CPU.ActiveCfg = Debug|Any CPU
		{1353826D-A3D2-4746-A770-312E5F280DAB}.Debug|Any CPU.Build.0 = Debug|Any CPU
		{1353826D-A3D2-4746-A770-312E5F280DAB}.Release|Any CPU.ActiveCfg = Release|Any CPU
		{1353826D-A3D2-4746-A770-312E5F280DAB}.Release|Any CPU.Build.0 = Release|Any CPU
	EndGlobalSection
	GlobalSection(SolutionProperties) = preSolution
		HideSolutionNode = FALSE
	EndGlobalSection
	GlobalSection(ExtensibilityGlobals) = postSolution
		SolutionGuid = {7981D7A8-6F8B-4D30-BC2E-19E3E7258E26}
	EndGlobalSection
EndGlobal
